
Microsoft Visual Studio Solution File, Format Version 12.00
# Visual Studio Version 16
VisualStudioVersion = 16.0.30907.101
MinimumVisualStudioVersion = 10.0.40219.1
Project("{FAE04EC0-301F-11D3-BF4B-00C04F79EFBC}") = "SimpleWebApp", "SimpleWebApp\SimpleWebApp.csproj", "{1F3A6A99-E786-4225-AB8A-D3EFE27A587B}"
EndProject
Global
	GlobalSection(SolutionConfigurationPlatforms) = preSolution
		Debug|Any CPU = Debug|Any CPU
		Release|Any CPU = Release|Any CPU
	EndGlobalSection
	GlobalSection(ProjectConfigurationPlatforms) = postSolution
		{1F3A6A99-E786-4225-AB8A-D3EFE27A587B}.Debug|Any CPU.ActiveCfg = Debug|Any CPU
		{1F3A6A99-E786-4225-AB8A-D3EFE27A587B}.Debug|Any CPU.Build.0 = Debug|Any CPU
		{1F3A6A99-E786-4225-AB8A-D3EFE27A587B}.Release|Any CPU.ActiveCfg = Release|Any CPU
		{1F3A6A99-E786-4225-AB8A-D3EFE27A587B}.Release|Any CPU.Build.0 = Release|Any CPU
	EndGlobalSection
	GlobalSection(SolutionProperties) = preSolution
		HideSolutionNode = FALSE
	EndGlobalSection
	GlobalSection(ExtensibilityGlobals) = postSolution
		SolutionGuid = {10F3B27B-D826-4E0F-8C45-ABDDC3EC128E}
	EndGlobalSection
EndGlobal
